
Microsoft Visual Studio Solution File, Format Version 12.00
Project("{FAE04EC0-301F-11D3-BF4B-00C04F79EFBC}") = "ISI-PriceStatApp", "ISI-PriceStatApp\ISI-PriceStatApp.csproj", "{4013F127-DF4E-42DD-99B2-A5BB2992844D}"
EndProject
Project("{FAE04EC0-301F-11D3-BF4B-00C04F79EFBC}") = "Domain", "Domain\Domain.csproj", "{A5CABBEA-21C4-4FAB-95DA-87659CF73341}"
EndProject
Global
	GlobalSection(SolutionConfigurationPlatforms) = preSolution
		Debug|Any CPU = Debug|Any CPU
		Release|Any CPU = Release|Any CPU
	EndGlobalSection
	GlobalSection(ProjectConfigurationPlatforms) = postSolution
		{4013F127-DF4E-42DD-99B2-A5BB2992844D}.Debug|Any CPU.ActiveCfg = Debug|Any CPU
		{4013F127-DF4E-42DD-99B2-A5BB2992844D}.Debug|Any CPU.Build.0 = Debug|Any CPU
		{4013F127-DF4E-42DD-99B2-A5BB2992844D}.Release|Any CPU.ActiveCfg = Release|Any CPU
		{4013F127-DF4E-42DD-99B2-A5BB2992844D}.Release|Any CPU.Build.0 = Release|Any CPU
		{A5CABBEA-21C4-4FAB-95DA-87659CF73341}.Debug|Any CPU.ActiveCfg = Debug|Any CPU
		{A5CABBEA-21C4-4FAB-95DA-87659CF73341}.Debug|Any CPU.Build.0 = Debug|Any CPU
		{A5CABBEA-21C4-4FAB-95DA-87659CF73341}.Release|Any CPU.ActiveCfg = Release|Any CPU
		{A5CABBEA-21C4-4FAB-95DA-87659CF73341}.Release|Any CPU.Build.0 = Release|Any CPU
	EndGlobalSection
EndGlobal
